github.com/SaaShup/paashup-sdk/netbox v0.0.0-20240708075831-c60b9328b90d h1:32INbVGjD+BbqeUcWlYproqWkK0oy3g8Eoa87A1AxvY=
github.com/SaaShup/paashup-sdk/netbox v0.0.0-20240708075831-c60b9328b90d/go.mod h1:h1+jD1MtvhEQ4F9qitcHBr08SPKxW21D6zHubUv1TEE=
github.com/SaaShup/paashup-sdk/netbox v0.0.0-20240710090620-c8492d0bf61a h1:GZjVSyMZsB1gmirfwe6TW4oGCNciM4GV/e5hB4z4mHo=
github.com/SaaShup/paashup-sdk/netbox v0.0.0-20240710090620-c8492d0bf61a/go.mod h1:h1+jD1MtvhEQ4F9qitcHBr08SPKxW21D6zHubUv1TEE=
github.com/SaaShup/paashup-sdk/netbox v0.0.0-20240716131611-f2dba91f0f38 h1:jvh3E6zuZTmPD79CWNo8FOUuOZMlpEPndQHepCkP4S0=
github.com/SaaShup/paashup-sdk/netbox v0.0.0-20240716131611-f2dba91f0f38/go.mod h1:h1+jD1MtvhEQ4F9qitcHBr08SPKxW21D6zHubUv1TEE=
